# ⚠️ SECURITY — READ BEFORE EDITING THIS FILE ⚠️
#
# This workflow uses the `pull_request_target` trigger. GitHub runs the workflow
# DEFINITION from the BASE branch (`main`) for this event — a PR cannot
# substitute its own copy of THIS file. That is what this file buys: the
# structural checker runs from a copy the PR cannot rewrite.
#
# TRUST SPLIT — read this before describing what is "protected" (authoritative
# statement: the module header of scripts/check-pi-pin-lockstep.mjs; this is a
# pointer to it, not a second copy, so the two cannot drift apart):
#   - The content lock (scripts/workflow-lock.json) is a conspicuousness
#     tripwire enforced by PR-EDITABLE code, NOT a PR-uneditable control. Its
#     only call site is the PR's own copy of the checker, run from the
#     PR-editable .github/workflows/ci.yml.
#   - THIS job provides the STRUCTURAL assertions only and provides ZERO lock
#     enforcement — `--head-ref` skips the lock by design, or else every
#     legitimate workflow change would deadlock against `main`'s old lock.
#   - A PR that edits a workflow AND the lock together passes both legs. That is
#     the pre-existing accepted same-commit residual, now conspicuous in the
#     diff.
#
# BOOTSTRAP: `pull_request_target` resolves this workflow file from the DEFAULT
# branch, so this job does not run on the PR that adds it — it takes effect on
# the NEXT PR after this file lands on `main`. Nothing here verifies that it
# runs post-merge; `scripts/check-pi-pin-lockstep.mjs` asserts instead that this
# file exists and is wired (pull_request_target + the `--head-ref` invocation),
# so deleting or unwiring it is RED.
#
# Because the trigger is privileged, this workflow MUST NEVER check out, execute,
# build, or `npm install` any PR content. `actions/checkout` below deliberately
# has NO `ref:` — it checks out the base branch. The PR's workflow files are read
# as DATA through the GitHub git tree + blob API at the PR head SHA only
# (`node scripts/check-pi-pin-lockstep.mjs --head-ref <sha>`, which reads the
# recursive tree, rejects any workflow path whose committed mode is not a regular
# file (100644 — a symlink would run 0 jobs), fetches each blob by its tree sha,
# and decodes the base64 failing closed; it never executes it). Passing the PR
# head to `actions/checkout`, or any step that runs PR content, turns this into
# the well-known `pull_request_target` RCE vector.
#
# See GitHub Security Lab, "Keeping your GitHub Actions and workflows secure:
# Preventing pwn requests" (Part 4) and GitHub's "Securely using
# pull_request_target" guidance.

name: Workflow lock (base-branch checker)

on:
  pull_request_target:
    types: [opened, synchronize, reopened, edited]

# Read-only. `contents: read` covers the checkout and the git tree + blob calls.
# `pull-requests: read` is deliberately NOT granted — nothing here reads PR
# metadata (the only API calls are the git tree and git blob endpoints);
# declaring an unused scope is the P2-h finding from the #675 review.
permissions:
  contents: read

jobs:
  workflow-lock:
    runs-on: ubuntu-latest
    steps:
      # No `ref:` on purpose: pull_request_target checks out the BASE branch
      # (main), so this step runs main's copy of the workflow + script. Do NOT
      # add a ref pointing at the PR head.
      - uses: actions/checkout@v4
      - name: Validate the PR's workflow files (narrow structural guard, lock skipped)
        env:
          GH_TOKEN: ${{ github.token }}
          HEAD_SHA: ${{ github.event.pull_request.head.sha }}
        run: node scripts/check-pi-pin-lockstep.mjs --head-ref "$HEAD_SHA"
